
Microsoft Visual Studio Solution File, Format Version 12.00
# Visual Studio Version 17
VisualStudioVersion = 17.9.34607.119
MinimumVisualStudioVersion = 10.0.40219.1
Project("{FAE04EC0-301F-11D3-BF4B-00C04F79EFBC}") = "Builder.Ejemplo1", "Builder.Ejemplo1\Builder.Ejemplo1.csproj", "{649AD577-F69F-483F-B2CD-7DFC970F65C9}"
EndProject
Global
	GlobalSection(SolutionConfigurationPlatforms) = preSolution
		Debug|Any CPU = Debug|Any CPU
		Release|Any CPU = Release|Any CPU
	EndGlobalSection
	GlobalSection(ProjectConfigurationPlatforms) = postSolution
		{649AD577-F69F-483F-B2CD-7DFC970F65C9}.Debug|Any CPU.ActiveCfg = Debug|Any CPU
		{649AD577-F69F-483F-B2CD-7DFC970F65C9}.Debug|Any CPU.Build.0 = Debug|Any CPU
		{649AD577-F69F-483F-B2CD-7DFC970F65C9}.Release|Any CPU.ActiveCfg = Release|Any CPU
		{649AD577-F69F-483F-B2CD-7DFC970F65C9}.Release|Any CPU.Build.0 = Release|Any CPU
	EndGlobalSection
	GlobalSection(SolutionProperties) = preSolution
		HideSolutionNode = FALSE
	EndGlobalSection
	GlobalSection(ExtensibilityGlobals) = postSolution
		SolutionGuid = {172C4E13-4AC4-41EE-B4C2-6571BF2F9F6F}
	EndGlobalSection
EndGlobal
